
Microsoft Visual Studio Solution File, Format Version 12.00
# Visual Studio Version 16
VisualStudioVersion = 16.0.30011.22
MinimumVisualStudioVersion = 10.0.40219.1
Project("{888888A0-9F3D-457C-B088-3A5042F75D52}") = "PythonDjangoWebProject", "PythonDjangoWebProject\PythonDjangoWebProject.pyproj", "{C2EBBD54-C3EB-4CDA-8EA5-D8DE44D7CF0E}"
EndProject
Global
	GlobalSection(SolutionConfigurationPlatforms) = preSolution
		Debug|Any CPU = Debug|Any CPU
		Release|Any CPU = Release|Any CPU
	EndGlobalSection
	GlobalSection(ProjectConfigurationPlatforms) = postSolution
		{C2EBBD54-C3EB-4CDA-8EA5-D8DE44D7CF0E}.Debug|Any CPU.ActiveCfg = Debug|Any CPU
		{C2EBBD54-C3EB-4CDA-8EA5-D8DE44D7CF0E}.Debug|Any CPU.Build.0 = Debug|Any CPU
		{C2EBBD54-C3EB-4CDA-8EA5-D8DE44D7CF0E}.Release|Any CPU.ActiveCfg = Release|Any CPU
		{C2EBBD54-C3EB-4CDA-8EA5-D8DE44D7CF0E}.Release|Any CPU.Build.0 = Release|Any CPU
	EndGlobalSection
	GlobalSection(SolutionProperties) = preSolution
		HideSolutionNode = FALSE
	EndGlobalSection
	GlobalSection(ExtensibilityGlobals) = postSolution
		SolutionGuid = {E618A52C-393B-4066-AD12-AB299AC6CD64}
	EndGlobalSection
EndGlobal
